// !$*UTF8*$!
{
	archiveVersion = 1;
	classes = {
	};
	objectVersion = 46;
	objects = {

/* Begin PBXAggregateTarget section */
		71F099701DF2813C006C8B62 /* Synx */ = {
			isa = PBXAggregateTarget;
			buildConfigurationList = 71F099711DF2813C006C8B62 /* Build configuration list for PBXAggregateTarget "Synx" */;
			buildPhases = (
				71F099741DF28159006C8B62 /* Run Synx */,
			);
			dependencies = (
			);
			name = Synx;
			productName = Synx;
		};
		71FD1E391DF2D5280081E1B1 /* SwiftGen */ = {
			isa = PBXAggregateTarget;
			buildConfigurationList = 71FD1E3A1DF2D5280081E1B1 /* Build configuration list for PBXAggregateTarget "SwiftGen" */;
			buildPhases = (
				71FD1E3D1DF2D52E0081E1B1 /* Run SwiftGen */,
			);
			dependencies = (
			);
			name = SwiftGen;
			productName = SwiftGen;
		};
/* End PBXAggregateTarget section */

/* Begin PBXBuildFile section */
		710217781EBCE35A002C73FB /* SoundPlayerFactory.swift in Sources */ = {isa = PBXBuildFile; fileRef = 710217771EBCE35A002C73FB /* SoundPlayerFactory.swift */; };
		710217861EBDBE9F002C73FB /* SoundPlayer.swift in Sources */ = {isa = PBXBuildFile; fileRef = 710217851EBDBE9F002C73FB /* SoundPlayer.swift */; };
		7102178A1EBE037E002C73FB /* SoundSource.swift in Sources */ = {isa = PBXBuildFile; fileRef = 710217891EBE037D002C73FB /* SoundSource.swift */; };
		7102178C1EBEEBC7002C73FB /* SharedSound.swift in Sources */ = {isa = PBXBuildFile; fileRef = 7102178B1EBEEBC7002C73FB /* SharedSound.swift */; };
		710217931EBF3330002C73FB /* BMSChannelDataParserTest.swift in Sources */ = {isa = PBXBuildFile; fileRef = 710217901EBF3330002C73FB /* BMSChannelDataParserTest.swift */; };
		710217941EBF3330002C73FB /* BMSControlFlowParserTest.swift in Sources */ = {isa = PBXBuildFile; fileRef = 710217911EBF3330002C73FB /* BMSControlFlowParserTest.swift */; };
		710217951EBF3330002C73FB /* BMSHeaderParserTest.swift in Sources */ = {isa = PBXBuildFile; fileRef = 710217921EBF3330002C73FB /* BMSHeaderParserTest.swift */; };
		710655DB1DF26AC3003A1169 /* CGSize.swift in Sources */ = {isa = PBXBuildFile; fileRef = 710655DA1DF26AC3003A1169 /* CGSize.swift */; };
		712790191E33D3BE00F0C5FE /* HIDInputConverterForInGame.swift in Sources */ = {isa = PBXBuildFile; fileRef = 712790181E33D3BE00F0C5FE /* HIDInputConverterForInGame.swift */; };
		712790251E34C18E00F0C5FE /* DIContainer.swift in Sources */ = {isa = PBXBuildFile; fileRef = 712790241E34C18E00F0C5FE /* DIContainer.swift */; };
		712790281E34DD9F00F0C5FE /* Model.swift in Sources */ = {isa = PBXBuildFile; fileRef = 712790271E34DD9F00F0C5FE /* Model.swift */; };
		7127902A1E34DDA600F0C5FE /* View.swift in Sources */ = {isa = PBXBuildFile; fileRef = 712790291E34DDA600F0C5FE /* View.swift */; };
		7127902C1E34DDB200F0C5FE /* Controller.swift in Sources */ = {isa = PBXBuildFile; fileRef = 7127902B1E34DDB200F0C5FE /* Controller.swift */; };
		7127902E1E34DF6C00F0C5FE /* StartView.swift in Sources */ = {isa = PBXBuildFile; fileRef = 7127902D1E34DF6C00F0C5FE /* StartView.swift */; };
		712790301E34DF7700F0C5FE /* StartModel.swift in Sources */ = {isa = PBXBuildFile; fileRef = 7127902F1E34DF7700F0C5FE /* StartModel.swift */; };
		712790321E34DF8200F0C5FE /* StartController.swift in Sources */ = {isa = PBXBuildFile; fileRef = 712790311E34DF8200F0C5FE /* StartController.swift */; };
		712790341E34E47C00F0C5FE /* DebugScene.swift in Sources */ = {isa = PBXBuildFile; fileRef = 712790331E34E47C00F0C5FE /* DebugScene.swift */; };
		714589761EBF52B800B7DD09 /* BMSHeaderData.swift in Sources */ = {isa = PBXBuildFile; fileRef = 714589751EBF52B800B7DD09 /* BMSHeaderData.swift */; };
		714589781EBF52D700B7DD09 /* BMSChannelData.swift in Sources */ = {isa = PBXBuildFile; fileRef = 714589771EBF52D700B7DD09 /* BMSChannelData.swift */; };
		7145897A1EBF52FF00B7DD09 /* BMSScoreData.swift in Sources */ = {isa = PBXBuildFile; fileRef = 714589791EBF52FF00B7DD09 /* BMSScoreData.swift */; };
		7145897C1EBF532B00B7DD09 /* LaneType.swift in Sources */ = {isa = PBXBuildFile; fileRef = 7145897B1EBF532B00B7DD09 /* LaneType.swift */; };
		7145897E1EBF537F00B7DD09 /* NoteType.swift in Sources */ = {isa = PBXBuildFile; fileRef = 7145897D1EBF537F00B7DD09 /* NoteType.swift */; };
		714589801EBF53C000B7DD09 /* SideType.swift in Sources */ = {isa = PBXBuildFile; fileRef = 7145897F1EBF53C000B7DD09 /* SideType.swift */; };
		716140291E1FE54600034402 /* HIDInputData.swift in Sources */ = {isa = PBXBuildFile; fileRef = 716140281E1FE54600034402 /* HIDInputData.swift */; };
		7161837D1EC0B66F00D7B374 /* BMSNoteTraitData.swift in Sources */ = {isa = PBXBuildFile; fileRef = 7161837C1EC0B66F00D7B374 /* BMSNoteTraitData.swift */; };
		7166A0071E2A7D3A00D1588C /* Bridge.swift in Sources */ = {isa = PBXBuildFile; fileRef = 7166A0061E2A7D3A00D1588C /* Bridge.swift */; };
		717A12281E0FC740006A4B4B /* CGSizeOperatorTest.swift in Sources */ = {isa = PBXBuildFile; fileRef = 7161AF0C1E0FBEE4002286CD /* CGSizeOperatorTest.swift */; };
		718A5CFB1D452B2B00B88A76 /* DebugMenuScene.swift in Sources */ = {isa = PBXBuildFile; fileRef = 718A5CFA1D452B2B00B88A76 /* DebugMenuScene.swift */; };
		718A5CFD1D4531F400B88A76 /* Common.swift in Sources */ = {isa = PBXBuildFile; fileRef = 718A5CFC1D4531F400B88A76 /* Common.swift */; };
		718C06D91D241B6E002F6E68 /* AppDelegate.swift in Sources */ = {isa = PBXBuildFile; fileRef = 718C06D81D241B6E002F6E68 /* AppDelegate.swift */; };
		718C06DB1D241B6E002F6E68 /* StartScene.swift in Sources */ = {isa = PBXBuildFile; fileRef = 718C06DA1D241B6E002F6E68 /* StartScene.swift */; };
		718C06DF1D241B6E002F6E68 /* Images.xcassets in Resources */ = {isa = PBXBuildFile; fileRef = 718C06DE1D241B6E002F6E68 /* Images.xcassets */; };
		718C06E21D241B6E002F6E68 /* MainMenu.xib in Resources */ = {isa = PBXBuildFile; fileRef = 718C06E01D241B6E002F6E68 /* MainMenu.xib */; };
		71A2A1E21E1ABE41000C885A /* Clickable.swift in Sources */ = {isa = PBXBuildFile; fileRef = 71A2A1E11E1ABE41000C885A /* Clickable.swift */; };
		71A2A1E41E1ABE68000C885A /* TextButton.swift in Sources */ = {isa = PBXBuildFile; fileRef = 71A2A1E31E1ABE68000C885A /* TextButton.swift */; };
		71A2A1E61E1ABEA8000C885A /* BasicScene.swift in Sources */ = {isa = PBXBuildFile; fileRef = 71A2A1E51E1ABEA8000C885A /* BasicScene.swift */; };
		71BFD6FA1EB638DA00658965 /* String+ReadFile.swift in Sources */ = {isa = PBXBuildFile; fileRef = 71BFD6F91EB638DA00658965 /* String+ReadFile.swift */; };
		71BFD6FC1EB655E100658965 /* Array+safe.swift in Sources */ = {isa = PBXBuildFile; fileRef = 71BFD6FB1EB655E100658965 /* Array+safe.swift */; };
		71C273E51EB7A0760096A19D /* DebugUtil.swift in Sources */ = {isa = PBXBuildFile; fileRef = 71C273E41EB7A0760096A19D /* DebugUtil.swift */; };
		71C273E81EB9D1490096A19D /* String+split.swift in Sources */ = {isa = PBXBuildFile; fileRef = 71C273E71EB9D1490096A19D /* String+split.swift */; };
		71C273EA1EB9D2840096A19D /* String+splitTest.swift in Sources */ = {isa = PBXBuildFile; fileRef = 71C273E91EB9D2840096A19D /* String+splitTest.swift */; };
		71C273ED1EBAD8D30096A19D /* BMSControlFlowParser.swift in Sources */ = {isa = PBXBuildFile; fileRef = 71C273EC1EBAD8D30096A19D /* BMSControlFlowParser.swift */; };
		71C273EF1EBADAD90096A19D /* BMSHeaderParser.swift in Sources */ = {isa = PBXBuildFile; fileRef = 71C273EE1EBADAD90096A19D /* BMSHeaderParser.swift */; };
		71C273F11EBADB550096A19D /* BMSChannelDataParser.swift in Sources */ = {isa = PBXBuildFile; fileRef = 71C273F01EBADB550096A19D /* BMSChannelDataParser.swift */; };
		71C273F31EBAF79D0096A19D /* Math.swift in Sources */ = {isa = PBXBuildFile; fileRef = 71C273F21EBAF79D0096A19D /* Math.swift */; };
		71CC19851E1AF3BA00391CAA /* DebugJudgeScene.swift in Sources */ = {isa = PBXBuildFile; fileRef = 71CC19841E1AF3BA00391CAA /* DebugJudgeScene.swift */; };
		71CC19871E1B134E00391CAA /* DebugInputKeysScene.swift in Sources */ = {isa = PBXBuildFile; fileRef = 71CC19861E1B134E00391CAA /* DebugInputKeysScene.swift */; };
		71CC19891E1B21BD00391CAA /* GameEvent.swift in Sources */ = {isa = PBXBuildFile; fileRef = 71CC19881E1B21BD00391CAA /* GameEvent.swift */; };
		71CC198D1E1B2A0700391CAA /* Judge.swift in Sources */ = {isa = PBXBuildFile; fileRef = 71CC198C1E1B2A0700391CAA /* Judge.swift */; };
		71CC19911E1B384200391CAA /* DebugUIComponentsScene.swift in Sources */ = {isa = PBXBuildFile; fileRef = 71CC19901E1B384200391CAA /* DebugUIComponentsScene.swift */; };
		71CC19931E1B449B00391CAA /* InputEventNotifier.swift in Sources */ = {isa = PBXBuildFile; fileRef = 71CC19921E1B449B00391CAA /* InputEventNotifier.swift */; };
		71CC19971E1BCF0B00391CAA /* Images.swift in Sources */ = {isa = PBXBuildFile; fileRef = 71CC19961E1BCF0B00391CAA /* Images.swift */; };
		71CC199B1E1BDF6B00391CAA /* Logger.swift in Sources */ = {isa = PBXBuildFile; fileRef = 71CC199A1E1BDF6B00391CAA /* Logger.swift */; };
		71D276721EC368DE0064D435 /* BMSBarDataFactory.swift in Sources */ = {isa = PBXBuildFile; fileRef = 71D276711EC368DE0064D435 /* BMSBarDataFactory.swift */; };
		71E6B7891E1695E600475846 /* CGPoint.swift in Sources */ = {isa = PBXBuildFile; fileRef = 71E6B7881E1695E600475846 /* CGPoint.swift */; };
		71E6B78C1E16970F00475846 /* CGPointOperatorTest.swift in Sources */ = {isa = PBXBuildFile; fileRef = 71E6B78A1E16969100475846 /* CGPointOperatorTest.swift */; };
		71E6B78F1E16ABC600475846 /* SKView.swift in Sources */ = {isa = PBXBuildFile; fileRef = 71E6B78E1E16ABC600475846 /* SKView.swift */; };
		71E6B7911E16AD1300475846 /* SKSpriteNode.swift in Sources */ = {isa = PBXBuildFile; fileRef = 71E6B7901E16AD1300475846 /* SKSpriteNode.swift */; };
		71E6B7931E16C76C00475846 /* HIDDeviceManager.swift in Sources */ = {isa = PBXBuildFile; fileRef = 71E6B7921E16C76C00475846 /* HIDDeviceManager.swift */; };
		71EA2C0D1EB2182600D9C00F /* DMJudgeTextEncodingOfData.swift in Sources */ = {isa = PBXBuildFile; fileRef = 71EA2C0C1EB2182600D9C00F /* DMJudgeTextEncodingOfData.swift */; };
		71FD1E3F1DF2D6800081E1B1 /* Localizable.strings in Resources */ = {isa = PBXBuildFile; fileRef = 71FD1E3E1DF2D6800081E1B1 /* Localizable.strings */; };
		71FD1E471DF2D9060081E1B1 /* Strings.swift in Sources */ = {isa = PBXBuildFile; fileRef = 71FD1E451DF2D9060081E1B1 /* Strings.swift */; };
		80E8F7F6D865896580BADDD0 /* Pods_harp.framework in Frameworks */ = {isa = PBXBuildFile; fileRef = 8314DF37622C99C638799F2F /* Pods_harp.framework */; };
		E542956E1EB6FF9700AAE250 /* String+trim.swift in Sources */ = {isa = PBXBuildFile; fileRef = E542956D1EB6FF9700AAE250 /* String+trim.swift */; };
		E54295701EB7000800AAE250 /* String+trimTest.swift in Sources */ = {isa = PBXBuildFile; fileRef = E542956F1EB7000800AAE250 /* String+trimTest.swift */; };
		E54295721EB70A8100AAE250 /* Array+safeTest.swift in Sources */ = {isa = PBXBuildFile; fileRef = E54295711EB70A8100AAE250 /* Array+safeTest.swift */; };
		E54295741EB72BFD00AAE250 /* Any.swift in Sources */ = {isa = PBXBuildFile; fileRef = E54295731EB72BFD00AAE250 /* Any.swift */; };
		E54295761EB7301D00AAE250 /* AnyOperatorTest.swift in Sources */ = {isa = PBXBuildFile; fileRef = E54295751EB7301D00AAE250 /* AnyOperatorTest.swift */; };
		E54B71721EBB604400266777 /* BMSParser.swift in Sources */ = {isa = PBXBuildFile; fileRef = E54B71711EBB604400266777 /* BMSParser.swift */; };
		E55784B51EC192D60039EDD9 /* Dictionary+mapValue.swift in Sources */ = {isa = PBXBuildFile; fileRef = E55784B41EC192D60039EDD9 /* Dictionary+mapValue.swift */; };
		E55784B81EC19BCD0039EDD9 /* BMSTick.swift in Sources */ = {isa = PBXBuildFile; fileRef = E55784B71EC19BCD0039EDD9 /* BMSTick.swift */; };
		E592F38D1EB1BF5100A672AB /* String+preg.swift in Sources */ = {isa = PBXBuildFile; fileRef = E592F38C1EB1BF5100A672AB /* String+preg.swift */; };
		E592F3901EB1BF6800A672AB /* String+pregTest.swift in Sources */ = {isa = PBXBuildFile; fileRef = E592F38F1EB1BF6800A672AB /* String+pregTest.swift */; };
		E592F3961EB1CA6C00A672AB /* BMSData.swift in Sources */ = {isa = PBXBuildFile; fileRef = E592F3951EB1CA6C00A672AB /* BMSData.swift */; };
		FF77D49430DC4714EF2EFC36 /* Pods_harpTests.framework in Frameworks */ = {isa = PBXBuildFile; fileRef = 84B598A602A9F503F31E01D4 /* Pods_harpTests.framework */; };
/* End PBXBuildFile section */

/* Begin PBXContainerItemProxy section */
		718C06E91D241B6E002F6E68 /* PBXContainerItemProxy */ = {
			isa = PBXContainerItemProxy;
			containerPortal = 718C06CD1D241B6E002F6E68 /* Project object */;
			proxyType = 1;
			remoteGlobalIDString = 718C06D41D241B6E002F6E68;
			remoteInfo = harp;
		};
/* End PBXContainerItemProxy section */

/* Begin PBXFileReference section */
		1BC48912B861C3D307876491 /* Pods-harp.release.xcconfig */ = {isa = PBXFileReference; includeInIndex = 1; lastKnownFileType = text.xcconfig; name = "Pods-harp.release.xcconfig"; path = "Pods/Target Support Files/Pods-harp/Pods-harp.release.xcconfig"; sourceTree = "<group>"; };
		1F92FA1D5E2CCC3D4EB7FEDC /* Pods-harpTests.release.xcconfig */ = {isa = PBXFileReference; includeInIndex = 1; lastKnownFileType = text.xcconfig; name = "Pods-harpTests.release.xcconfig"; path = "Pods/Target Support Files/Pods-harpTests/Pods-harpTests.release.xcconfig"; sourceTree = "<group>"; };
		710217771EBCE35A002C73FB /* SoundPlayerFactory.swift */ = {isa = PBXFileReference; fileEncoding = 4; lastKnownFileType = sourcecode.swift; path = SoundPlayerFactory.swift; sourceTree = "<group>"; };
		7102177E1EBD83CE002C73FB /* Bridging-Header.h */ = {isa = PBXFileReference; lastKnownFileType = sourcecode.c.h; path = "Bridging-Header.h"; sourceTree = "<group>"; };
		710217851EBDBE9F002C73FB /* SoundPlayer.swift */ = {isa = PBXFileReference; fileEncoding = 4; lastKnownFileType = sourcecode.swift; path = SoundPlayer.swift; sourceTree = "<group>"; };
		710217891EBE037D002C73FB /* SoundSource.swift */ = {isa = PBXFileReference; fileEncoding = 4; lastKnownFileType = sourcecode.swift; path = SoundSource.swift; sourceTree = "<group>"; };
		7102178B1EBEEBC7002C73FB /* SharedSound.swift */ = {isa = PBXFileReference; fileEncoding = 4; lastKnownFileType = sourcecode.swift; path = SharedSound.swift; sourceTree = "<group>"; };
		710217901EBF3330002C73FB /* BMSChannelDataParserTest.swift */ = {isa = PBXFileReference; fileEncoding = 4; lastKnownFileType = sourcecode.swift; path = BMSChannelDataParserTest.swift; sourceTree = "<group>"; };
		710217911EBF3330002C73FB /* BMSControlFlowParserTest.swift */ = {isa = PBXFileReference; fileEncoding = 4; lastKnownFileType = sourcecode.swift; path = BMSControlFlowParserTest.swift; sourceTree = "<group>"; };
		710217921EBF3330002C73FB /* BMSHeaderParserTest.swift */ = {isa = PBXFileReference; fileEncoding = 4; lastKnownFileType = sourcecode.swift; path = BMSHeaderParserTest.swift; sourceTree = "<group>"; };
		710655DA1DF26AC3003A1169 /* CGSize.swift */ = {isa = PBXFileReference; fileEncoding = 4; lastKnownFileType = sourcecode.swift; path = CGSize.swift; sourceTree = "<group>"; };
		712790181E33D3BE00F0C5FE /* HIDInputConverterForInGame.swift */ = {isa = PBXFileReference; fileEncoding = 4; lastKnownFileType = sourcecode.swift; path = HIDInputConverterForInGame.swift; sourceTree = "<group>"; };
		712790241E34C18E00F0C5FE /* DIContainer.swift */ = {isa = PBXFileReference; fileEncoding = 4; lastKnownFileType = sourcecode.swift; path = DIContainer.swift; sourceTree = "<group>"; };
		712790271E34DD9F00F0C5FE /* Model.swift */ = {isa = PBXFileReference; fileEncoding = 4; lastKnownFileType = sourcecode.swift; path = Model.swift; sourceTree = "<group>"; };
		712790291E34DDA600F0C5FE /* View.swift */ = {isa = PBXFileReference; fileEncoding = 4; lastKnownFileType = sourcecode.swift; path = View.swift; sourceTree = "<group>"; };
		7127902B1E34DDB200F0C5FE /* Controller.swift */ = {isa = PBXFileReference; fileEncoding = 4; lastKnownFileType = sourcecode.swift; path = Controller.swift; sourceTree = "<group>"; };
		7127902D1E34DF6C00F0C5FE /* StartView.swift */ = {isa = PBXFileReference; fileEncoding = 4; lastKnownFileType = sourcecode.swift; path = StartView.swift; sourceTree = "<group>"; };
		7127902F1E34DF7700F0C5FE /* StartModel.swift */ = {isa = PBXFileReference; fileEncoding = 4; lastKnownFileType = sourcecode.swift; path = StartModel.swift; sourceTree = "<group>"; };
		712790311E34DF8200F0C5FE /* StartController.swift */ = {isa = PBXFileReference; fileEncoding = 4; lastKnownFileType = sourcecode.swift; path = StartController.swift; sourceTree = "<group>"; };
		712790331E34E47C00F0C5FE /* DebugScene.swift */ = {isa = PBXFileReference; fileEncoding = 4; lastKnownFileType = sourcecode.swift; path = DebugScene.swift; sourceTree = "<group>"; };
		714589751EBF52B800B7DD09 /* BMSHeaderData.swift */ = {isa = PBXFileReference; fileEncoding = 4; lastKnownFileType = sourcecode.swift; path = BMSHeaderData.swift; sourceTree = "<group>"; };
		714589771EBF52D700B7DD09 /* BMSChannelData.swift */ = {isa = PBXFileReference; fileEncoding = 4; lastKnownFileType = sourcecode.swift; path = BMSChannelData.swift; sourceTree = "<group>"; };
		714589791EBF52FF00B7DD09 /* BMSScoreData.swift */ = {isa = PBXFileReference; fileEncoding = 4; lastKnownFileType = sourcecode.swift; path = BMSScoreData.swift; sourceTree = "<group>"; };
		7145897B1EBF532B00B7DD09 /* LaneType.swift */ = {isa = PBXFileReference; fileEncoding = 4; lastKnownFileType = sourcecode.swift; path = LaneType.swift; sourceTree = "<group>"; };
		7145897D1EBF537F00B7DD09 /* NoteType.swift */ = {isa = PBXFileReference; fileEncoding = 4; lastKnownFileType = sourcecode.swift; path = NoteType.swift; sourceTree = "<group>"; };
		7145897F1EBF53C000B7DD09 /* SideType.swift */ = {isa = PBXFileReference; fileEncoding = 4; lastKnownFileType = sourcecode.swift; path = SideType.swift; sourceTree = "<group>"; };
		716140281E1FE54600034402 /* HIDInputData.swift */ = {isa = PBXFileReference; fileEncoding = 4; lastKnownFileType = sourcecode.swift; path = HIDInputData.swift; sourceTree = "<group>"; };
		7161837C1EC0B66F00D7B374 /* BMSNoteTraitData.swift */ = {isa = PBXFileReference; fileEncoding = 4; lastKnownFileType = sourcecode.swift; path = BMSNoteTraitData.swift; sourceTree = "<group>"; };
		7161AF0C1E0FBEE4002286CD /* CGSizeOperatorTest.swift */ = {isa = PBXFileReference; fileEncoding = 4; lastKnownFileType = sourcecode.swift; path = CGSizeOperatorTest.swift; sourceTree = "<group>"; };
		7166A0061E2A7D3A00D1588C /* Bridge.swift */ = {isa = PBXFileReference; fileEncoding = 4; lastKnownFileType = sourcecode.swift; path = Bridge.swift; sourceTree = "<group>"; };
		718A5CFA1D452B2B00B88A76 /* DebugMenuScene.swift */ = {isa = PBXFileReference; fileEncoding = 4; lastKnownFileType = sourcecode.swift; path = DebugMenuScene.swift; sourceTree = "<group>"; };
		718A5CFC1D4531F400B88A76 /* Common.swift */ = {isa = PBXFileReference; fileEncoding = 4; lastKnownFileType = sourcecode.swift; path = Common.swift; sourceTree = "<group>"; };
		718C06D51D241B6E002F6E68 /* harp.app */ = {isa = PBXFileReference; explicitFileType = wrapper.application; includeInIndex = 0; path = harp.app; sourceTree = BUILT_PRODUCTS_DIR; };
		718C06D81D241B6E002F6E68 /* AppDelegate.swift */ = {isa = PBXFileReference; lastKnownFileType = sourcecode.swift; path = AppDelegate.swift; sourceTree = "<group>"; };
		718C06DA1D241B6E002F6E68 /* StartScene.swift */ = {isa = PBXFileReference; lastKnownFileType = sourcecode.swift; path = StartScene.swift; sourceTree = "<group>"; };
		718C06DE1D241B6E002F6E68 /* Images.xcassets */ = {isa = PBXFileReference; lastKnownFileType = folder.assetcatalog; path = Images.xcassets; sourceTree = "<group>"; };
		718C06E11D241B6E002F6E68 /* Base */ = {isa = PBXFileReference; lastKnownFileType = file.xib; name = Base; path = Base.lproj/MainMenu.xib; sourceTree = "<group>"; };
		718C06E31D241B6E002F6E68 /* Info.plist */ = {isa = PBXFileReference; lastKnownFileType = text.plist.xml; path = Info.plist; sourceTree = "<group>"; };
		718C06E81D241B6E002F6E68 /* harpTests.xctest */ = {isa = PBXFileReference; explicitFileType = wrapper.cfbundle; includeInIndex = 0; path = harpTests.xctest; sourceTree = BUILT_PRODUCTS_DIR; };
		718C06EE1D241B6E002F6E68 /* Info.plist */ = {isa = PBXFileReference; lastKnownFileType = text.plist.xml; path = Info.plist; sourceTree = "<group>"; };
		71A2A1E11E1ABE41000C885A /* Clickable.swift */ = {isa = PBXFileReference; fileEncoding = 4; lastKnownFileType = sourcecode.swift; path = Clickable.swift; sourceTree = "<group>"; };
		71A2A1E31E1ABE68000C885A /* TextButton.swift */ = {isa = PBXFileReference; fileEncoding = 4; lastKnownFileType = sourcecode.swift; path = TextButton.swift; sourceTree = "<group>"; };
		71A2A1E51E1ABEA8000C885A /* BasicScene.swift */ = {isa = PBXFileReference; fileEncoding = 4; lastKnownFileType = sourcecode.swift; path = BasicScene.swift; sourceTree = "<group>"; };
		71BFD6F91EB638DA00658965 /* String+ReadFile.swift */ = {isa = PBXFileReference; fileEncoding = 4; lastKnownFileType = sourcecode.swift; path = "String+ReadFile.swift"; sourceTree = "<group>"; };
		71BFD6FB1EB655E100658965 /* Array+safe.swift */ = {isa = PBXFileReference; fileEncoding = 4; lastKnownFileType = sourcecode.swift; path = "Array+safe.swift"; sourceTree = "<group>"; };
		71C273E41EB7A0760096A19D /* DebugUtil.swift */ = {isa = PBXFileReference; fileEncoding = 4; lastKnownFileType = sourcecode.swift; path = DebugUtil.swift; sourceTree = "<group>"; };
		71C273E71EB9D1490096A19D /* String+split.swift */ = {isa = PBXFileReference; fileEncoding = 4; lastKnownFileType = sourcecode.swift; path = "String+split.swift"; sourceTree = "<group>"; };
		71C273E91EB9D2840096A19D /* String+splitTest.swift */ = {isa = PBXFileReference; fileEncoding = 4; lastKnownFileType = sourcecode.swift; path = "String+splitTest.swift"; sourceTree = "<group>"; };
		71C273EC1EBAD8D30096A19D /* BMSControlFlowParser.swift */ = {isa = PBXFileReference; fileEncoding = 4; lastKnownFileType = sourcecode.swift; path = BMSControlFlowParser.swift; sourceTree = "<group>"; };
		71C273EE1EBADAD90096A19D /* BMSHeaderParser.swift */ = {isa = PBXFileReference; fileEncoding = 4; lastKnownFileType = sourcecode.swift; path = BMSHeaderParser.swift; sourceTree = "<group>"; };
		71C273F01EBADB550096A19D /* BMSChannelDataParser.swift */ = {isa = PBXFileReference; fileEncoding = 4; lastKnownFileType = sourcecode.swift; path = BMSChannelDataParser.swift; sourceTree = "<group>"; };
		71C273F21EBAF79D0096A19D /* Math.swift */ = {isa = PBXFileReference; fileEncoding = 4; lastKnownFileType = sourcecode.swift; path = Math.swift; sourceTree = "<group>"; };
		71CC19841E1AF3BA00391CAA /* DebugJudgeScene.swift */ = {isa = PBXFileReference; fileEncoding = 4; lastKnownFileType = sourcecode.swift; path = DebugJudgeScene.swift; sourceTree = "<group>"; };
		71CC19861E1B134E00391CAA /* DebugInputKeysScene.swift */ = {isa = PBXFileReference; fileEncoding = 4; lastKnownFileType = sourcecode.swift; path = DebugInputKeysScene.swift; sourceTree = "<group>"; };
		71CC19881E1B21BD00391CAA /* GameEvent.swift */ = {isa = PBXFileReference; fileEncoding = 4; lastKnownFileType = sourcecode.swift; path = GameEvent.swift; sourceTree = "<group>"; };
		71CC198C1E1B2A0700391CAA /* Judge.swift */ = {isa = PBXFileReference; fileEncoding = 4; lastKnownFileType = sourcecode.swift; path = Judge.swift; sourceTree = "<group>"; };
		71CC19901E1B384200391CAA /* DebugUIComponentsScene.swift */ = {isa = PBXFileReference; fileEncoding = 4; lastKnownFileType = sourcecode.swift; path = DebugUIComponentsScene.swift; sourceTree = "<group>"; };
		71CC19921E1B449B00391CAA /* InputEventNotifier.swift */ = {isa = PBXFileReference; fileEncoding = 4; lastKnownFileType = sourcecode.swift; path = InputEventNotifier.swift; sourceTree = "<group>"; };
		71CC19961E1BCF0B00391CAA /* Images.swift */ = {isa = PBXFileReference; fileEncoding = 4; lastKnownFileType = sourcecode.swift; path = Images.swift; sourceTree = "<group>"; };
		71CC199A1E1BDF6B00391CAA /* Logger.swift */ = {isa = PBXFileReference; fileEncoding = 4; lastKnownFileType = sourcecode.swift; path = Logger.swift; sourceTree = "<group>"; };
		71D276711EC368DE0064D435 /* BMSBarDataFactory.swift */ = {isa = PBXFileReference; fileEncoding = 4; lastKnownFileType = sourcecode.swift; path = BMSBarDataFactory.swift; sourceTree = "<group>"; };
		71E6B7881E1695E600475846 /* CGPoint.swift */ = {isa = PBXFileReference; fileEncoding = 4; lastKnownFileType = sourcecode.swift; path = CGPoint.swift; sourceTree = "<group>"; };
		71E6B78A1E16969100475846 /* CGPointOperatorTest.swift */ = {isa = PBXFileReference; fileEncoding = 4; lastKnownFileType = sourcecode.swift; path = CGPointOperatorTest.swift; sourceTree = "<group>"; };
		71E6B78E1E16ABC600475846 /* SKView.swift */ = {isa = PBXFileReference; fileEncoding = 4; lastKnownFileType = sourcecode.swift; path = SKView.swift; sourceTree = "<group>"; };
		71E6B7901E16AD1300475846 /* SKSpriteNode.swift */ = {isa = PBXFileReference; fileEncoding = 4; lastKnownFileType = sourcecode.swift; path = SKSpriteNode.swift; sourceTree = "<group>"; };
		71E6B7921E16C76C00475846 /* HIDDeviceManager.swift */ = {isa = PBXFileReference; fileEncoding = 4; lastKnownFileType = sourcecode.swift; path = HIDDeviceManager.swift; sourceTree = "<group>"; };
		71EA2C0C1EB2182600D9C00F /* DMJudgeTextEncodingOfData.swift */ = {isa = PBXFileReference; fileEncoding = 4; lastKnownFileType = sourcecode.swift; path = DMJudgeTextEncodingOfData.swift; sourceTree = "<group>"; };
		71FD1E3E1DF2D6800081E1B1 /* Localizable.strings */ = {isa = PBXFileReference; fileEncoding = 4; lastKnownFileType = text.plist.strings; path = Localizable.strings; sourceTree = "<group>"; };
		71FD1E451DF2D9060081E1B1 /* Strings.swift */ = {isa = PBXFileReference; fileEncoding = 4; lastKnownFileType = sourcecode.swift; path = Strings.swift; sourceTree = "<group>"; };
		81DDCDB21F14871B9B5A301B /* Pods-harp.debug.xcconfig */ = {isa = PBXFileReference; includeInIndex = 1; lastKnownFileType = text.xcconfig; name = "Pods-harp.debug.xcconfig"; path = "Pods/Target Support Files/Pods-harp/Pods-harp.debug.xcconfig"; sourceTree = "<group>"; };
		8314DF37622C99C638799F2F /* Pods_harp.framework */ = {isa = PBXFileReference; explicitFileType = wrapper.framework; includeInIndex = 0; path = Pods_harp.framework; sourceTree = BUILT_PRODUCTS_DIR; };
		84B598A602A9F503F31E01D4 /* Pods_harpTests.framework */ = {isa = PBXFileReference; explicitFileType = wrapper.framework; includeInIndex = 0; path = Pods_harpTests.framework; sourceTree = BUILT_PRODUCTS_DIR; };
		E542956D1EB6FF9700AAE250 /* String+trim.swift */ = {isa = PBXFileReference; fileEncoding = 4; lastKnownFileType = sourcecode.swift; path = "String+trim.swift"; sourceTree = "<group>"; };
		E542956F1EB7000800AAE250 /* String+trimTest.swift */ = {isa = PBXFileReference; fileEncoding = 4; lastKnownFileType = sourcecode.swift; path = "String+trimTest.swift"; sourceTree = "<group>"; };
		E54295711EB70A8100AAE250 /* Array+safeTest.swift */ = {isa = PBXFileReference; fileEncoding = 4; lastKnownFileType = sourcecode.swift; path = "Array+safeTest.swift"; sourceTree = "<group>"; };
		E54295731EB72BFD00AAE250 /* Any.swift */ = {isa = PBXFileReference; fileEncoding = 4; lastKnownFileType = sourcecode.swift; path = Any.swift; sourceTree = "<group>"; };
		E54295751EB7301D00AAE250 /* AnyOperatorTest.swift */ = {isa = PBXFileReference; fileEncoding = 4; lastKnownFileType = sourcecode.swift; path = AnyOperatorTest.swift; sourceTree = "<group>"; };
		E54B71711EBB604400266777 /* BMSParser.swift */ = {isa = PBXFileReference; fileEncoding = 4; lastKnownFileType = sourcecode.swift; path = BMSParser.swift; sourceTree = "<group>"; };
		E55784B41EC192D60039EDD9 /* Dictionary+mapValue.swift */ = {isa = PBXFileReference; fileEncoding = 4; lastKnownFileType = sourcecode.swift; path = "Dictionary+mapValue.swift"; sourceTree = "<group>"; };
		E55784B71EC19BCD0039EDD9 /* BMSTick.swift */ = {isa = PBXFileReference; fileEncoding = 4; lastKnownFileType = sourcecode.swift; path = BMSTick.swift; sourceTree = "<group>"; };
		E592F38C1EB1BF5100A672AB /* String+preg.swift */ = {isa = PBXFileReference; fileEncoding = 4; lastKnownFileType = sourcecode.swift; path = "String+preg.swift"; sourceTree = "<group>"; };
		E592F38F1EB1BF6800A672AB /* String+pregTest.swift */ = {isa = PBXFileReference; fileEncoding = 4; lastKnownFileType = sourcecode.swift; path = "String+pregTest.swift"; sourceTree = "<group>"; };
		E592F3951EB1CA6C00A672AB /* BMSData.swift */ = {isa = PBXFileReference; fileEncoding = 4; lastKnownFileType = sourcecode.swift; path = BMSData.swift; sourceTree = "<group>"; };
		F21D0D7C81FFDE80F912DDA1 /* Pods-harpTests.debug.xcconfig */ = {isa = PBXFileReference; includeInIndex = 1; lastKnownFileType = text.xcconfig; name = "Pods-harpTests.debug.xcconfig"; path = "Pods/Target Support Files/Pods-harpTests/Pods-harpTests.debug.xcconfig"; sourceTree = "<group>"; };
/* End PBXFileReference section */

/* Begin PBXFrameworksBuildPhase section */
		718C06D21D241B6E002F6E68 /* Frameworks */ = {
			isa = PBXFrameworksBuildPhase;
			buildActionMask = 2147483647;
			files = (
				80E8F7F6D865896580BADDD0 /* Pods_harp.framework in Frameworks */,
			);
			runOnlyForDeploymentPostprocessing = 0;
		};
		718C06E51D241B6E002F6E68 /* Frameworks */ = {
			isa = PBXFrameworksBuildPhase;
			buildActionMask = 2147483647;
			files = (
				FF77D49430DC4714EF2EFC36 /* Pods_harpTests.framework in Frameworks */,
			);
			runOnlyForDeploymentPostprocessing = 0;
		};
/* End PBXFrameworksBuildPhase section */

/* Begin PBXGroup section */
		600424E54397458BB8BDFC48 /* Pods */ = {
			isa = PBXGroup;
			children = (
				81DDCDB21F14871B9B5A301B /* Pods-harp.debug.xcconfig */,
				1BC48912B861C3D307876491 /* Pods-harp.release.xcconfig */,
				F21D0D7C81FFDE80F912DDA1 /* Pods-harpTests.debug.xcconfig */,
				1F92FA1D5E2CCC3D4EB7FEDC /* Pods-harpTests.release.xcconfig */,
			);
			name = Pods;
			sourceTree = "<group>";
		};
		710217761EBCE33C002C73FB /* sound */ = {
			isa = PBXGroup;
			children = (
				710217771EBCE35A002C73FB /* SoundPlayerFactory.swift */,
				710217851EBDBE9F002C73FB /* SoundPlayer.swift */,
				710217891EBE037D002C73FB /* SoundSource.swift */,
				7102178B1EBEEBC7002C73FB /* SharedSound.swift */,
			);
			path = sound;
			sourceTree = "<group>";
		};
		7102178F1EBF3324002C73FB /* model */ = {
			isa = PBXGroup;
			children = (
				710217901EBF3330002C73FB /* BMSChannelDataParserTest.swift */,
				710217911EBF3330002C73FB /* BMSControlFlowParserTest.swift */,
				710217921EBF3330002C73FB /* BMSHeaderParserTest.swift */,
			);
			path = model;
			sourceTree = "<group>";
		};
		710655DC1DF26ADD003A1169 /* operator */ = {
			isa = PBXGroup;
			children = (
				710655DA1DF26AC3003A1169 /* CGSize.swift */,
				71E6B7881E1695E600475846 /* CGPoint.swift */,
				E54295731EB72BFD00AAE250 /* Any.swift */,
			);
			path = operator;
			sourceTree = "<group>";
		};
		7110D2401D45147000A11D76 /* resources */ = {
			isa = PBXGroup;
			children = (
				718C06DE1D241B6E002F6E68 /* Images.xcassets */,
				718C06E31D241B6E002F6E68 /* Info.plist */,
				71FD1E3E1DF2D6800081E1B1 /* Localizable.strings */,
			);
			path = resources;
			sourceTree = "<group>";
		};
		7110D2411D45151E00A11D76 /* src */ = {
			isa = PBXGroup;
			children = (
				71FD1E421DF2D7A70081E1B1 /* constants */,
				71C9DB9F1D45344C00C7EEF0 /* core */,
				718A5CF91D452B1700B88A76 /* debug */,
				7110D2421D45153200A11D76 /* scene */,
				E592F3911EB1BFB300A672AB /* model */,
				7110D2441D45163400A11D76 /* type */,
				E592F3941EB1CA5300A672AB /* data */,
				7110D2431D45162800A11D76 /* ui */,
				718C06D81D241B6E002F6E68 /* AppDelegate.swift */,
				7102177E1EBD83CE002C73FB /* Bridging-Header.h */,
				718C06E01D241B6E002F6E68 /* MainMenu.xib */,
			);
			path = src;
			sourceTree = "<group>";
		};
		7110D2421D45153200A11D76 /* scene */ = {
			isa = PBXGroup;
			children = (
				71C9DBA01D453EA100C7EEF0 /* start */,
			);
			path = scene;
			sourceTree = "<group>";
		};
		7110D2431D45162800A11D76 /* ui */ = {
			isa = PBXGroup;
			children = (
				71A2A1E11E1ABE41000C885A /* Clickable.swift */,
				71A2A1E31E1ABE68000C885A /* TextButton.swift */,
			);
			path = ui;
			sourceTree = "<group>";
		};
		7110D2441D45163400A11D76 /* type */ = {
			isa = PBXGroup;
			children = (
				71CC19881E1B21BD00391CAA /* GameEvent.swift */,
				71CC198C1E1B2A0700391CAA /* Judge.swift */,
				7145897B1EBF532B00B7DD09 /* LaneType.swift */,
				7145897D1EBF537F00B7DD09 /* NoteType.swift */,
				7145897F1EBF53C000B7DD09 /* SideType.swift */,
			);
			path = type;
			sourceTree = "<group>";
		};
		712790261E34DD4800F0C5FE /* scene */ = {
			isa = PBXGroup;
			children = (
				71A2A1E51E1ABEA8000C885A /* BasicScene.swift */,
				712790271E34DD9F00F0C5FE /* Model.swift */,
				712790291E34DDA600F0C5FE /* View.swift */,
				7127902B1E34DDB200F0C5FE /* Controller.swift */,
			);
			path = scene;
			sourceTree = "<group>";
		};
		717A12291E0FCF94006A4B4B /* operator */ = {
			isa = PBXGroup;
			children = (
				7161AF0C1E0FBEE4002286CD /* CGSizeOperatorTest.swift */,
				71E6B78A1E16969100475846 /* CGPointOperatorTest.swift */,
				E54295751EB7301D00AAE250 /* AnyOperatorTest.swift */,
			);
			path = operator;
			sourceTree = "<group>";
		};
		718A5CF81D45292700B88A76 /* config */ = {
			isa = PBXGroup;
			children = (
				718A5CFC1D4531F400B88A76 /* Common.swift */,
			);
			path = config;
			sourceTree = "<group>";
		};
		718A5CF91D452B1700B88A76 /* debug */ = {
			isa = PBXGroup;
			children = (
				71C273E31EB79FEE0096A19D /* core */,
				718A5CFA1D452B2B00B88A76 /* DebugMenuScene.swift */,
				71CC19841E1AF3BA00391CAA /* DebugJudgeScene.swift */,
				71CC19861E1B134E00391CAA /* DebugInputKeysScene.swift */,
				71CC19901E1B384200391CAA /* DebugUIComponentsScene.swift */,
				712790331E34E47C00F0C5FE /* DebugScene.swift */,
			);
			path = debug;
			sourceTree = "<group>";
		};
		718C06CC1D241B6E002F6E68 = {
			isa = PBXGroup;
			children = (
				718C06D61D241B6E002F6E68 /* Products */,
				718C06D71D241B6E002F6E68 /* harp */,
				718C06EB1D241B6E002F6E68 /* harpTest */,
				CBB1086F74CD780FA108E3B0 /* Frameworks */,
				600424E54397458BB8BDFC48 /* Pods */,
			);
			sourceTree = "<group>";
		};
		718C06D61D241B6E002F6E68 /* Products */ = {
			isa = PBXGroup;
			children = (
				718C06D51D241B6E002F6E68 /* harp.app */,
				718C06E81D241B6E002F6E68 /* harpTests.xctest */,
			);
			name = Products;
			sourceTree = "<group>";
		};
		718C06D71D241B6E002F6E68 /* harp */ = {
			isa = PBXGroup;
			children = (
				7110D2401D45147000A11D76 /* resources */,
				7110D2411D45151E00A11D76 /* src */,
			);
			path = harp;
			sourceTree = "<group>";
		};
		718C06EB1D241B6E002F6E68 /* harpTest */ = {
			isa = PBXGroup;
			children = (
				7102178F1EBF3324002C73FB /* model */,
				E592F38E1EB1BF5700A672AB /* extension */,
				717A12291E0FCF94006A4B4B /* operator */,
				718C06EE1D241B6E002F6E68 /* Info.plist */,
			);
			path = harpTest;
			sourceTree = "<group>";
		};
		71A2A1E01E1A96C4000C885A /* Input */ = {
			isa = PBXGroup;
			children = (
				71E6B7921E16C76C00475846 /* HIDDeviceManager.swift */,
				71CC19921E1B449B00391CAA /* InputEventNotifier.swift */,
				716140281E1FE54600034402 /* HIDInputData.swift */,
				712790181E33D3BE00F0C5FE /* HIDInputConverterForInGame.swift */,
			);
			path = Input;
			sourceTree = "<group>";
		};
		71C273E31EB79FEE0096A19D /* core */ = {
			isa = PBXGroup;
			children = (
				71C273E41EB7A0760096A19D /* DebugUtil.swift */,
			);
			path = core;
			sourceTree = "<group>";
		};
		71C273EB1EBAD89F0096A19D /* parser */ = {
			isa = PBXGroup;
			children = (
				E54B71711EBB604400266777 /* BMSParser.swift */,
				71C273EC1EBAD8D30096A19D /* BMSControlFlowParser.swift */,
				71C273EE1EBADAD90096A19D /* BMSHeaderParser.swift */,
				71C273F01EBADB550096A19D /* BMSChannelDataParser.swift */,
				71D276711EC368DE0064D435 /* BMSBarDataFactory.swift */,
			);
			path = parser;
			sourceTree = "<group>";
		};
		71C9DB9F1D45344C00C7EEF0 /* core */ = {
			isa = PBXGroup;
			children = (
				710217761EBCE33C002C73FB /* sound */,
				712790261E34DD4800F0C5FE /* scene */,
				71A2A1E01E1A96C4000C885A /* Input */,
				71E6B78D1E16ABA900475846 /* extension */,
				710655DC1DF26ADD003A1169 /* operator */,
				71CC199A1E1BDF6B00391CAA /* Logger.swift */,
				7166A0061E2A7D3A00D1588C /* Bridge.swift */,
				71C273F21EBAF79D0096A19D /* Math.swift */,
				712790241E34C18E00F0C5FE /* DIContainer.swift */,
				71EA2C0C1EB2182600D9C00F /* DMJudgeTextEncodingOfData.swift */,
			);
			path = core;
			sourceTree = "<group>";
		};
		71C9DBA01D453EA100C7EEF0 /* start */ = {
			isa = PBXGroup;
			children = (
				718C06DA1D241B6E002F6E68 /* StartScene.swift */,
				7127902D1E34DF6C00F0C5FE /* StartView.swift */,
				7127902F1E34DF7700F0C5FE /* StartModel.swift */,
				712790311E34DF8200F0C5FE /* StartController.swift */,
			);
			path = start;
			sourceTree = "<group>";
		};
		71E6B78D1E16ABA900475846 /* extension */ = {
			isa = PBXGroup;
			children = (
				E592F38C1EB1BF5100A672AB /* String+preg.swift */,
				71E6B78E1E16ABC600475846 /* SKView.swift */,
				71E6B7901E16AD1300475846 /* SKSpriteNode.swift */,
				71BFD6F91EB638DA00658965 /* String+ReadFile.swift */,
				71BFD6FB1EB655E100658965 /* Array+safe.swift */,
				E542956D1EB6FF9700AAE250 /* String+trim.swift */,
				71C273E71EB9D1490096A19D /* String+split.swift */,
				E55784B41EC192D60039EDD9 /* Dictionary+mapValue.swift */,
			);
			path = extension;
			sourceTree = "<group>";
		};
		71FD1E421DF2D7A70081E1B1 /* constants */ = {
			isa = PBXGroup;
			children = (
				718A5CF81D45292700B88A76 /* config */,
				71FD1E431DF2D7FC0081E1B1 /* resources */,
			);
			path = constants;
			sourceTree = "<group>";
		};
		71FD1E431DF2D7FC0081E1B1 /* resources */ = {
			isa = PBXGroup;
			children = (
				71CC19961E1BCF0B00391CAA /* Images.swift */,
				71FD1E451DF2D9060081E1B1 /* Strings.swift */,
			);
			path = resources;
			sourceTree = "<group>";
		};
		CBB1086F74CD780FA108E3B0 /* Frameworks */ = {
			isa = PBXGroup;
			children = (
				8314DF37622C99C638799F2F /* Pods_harp.framework */,
				84B598A602A9F503F31E01D4 /* Pods_harpTests.framework */,
			);
			name = Frameworks;
			sourceTree = "<group>";
		};
		E55784B61EC19BBA0039EDD9 /* BMS */ = {
			isa = PBXGroup;
			children = (
				E55784B71EC19BCD0039EDD9 /* BMSTick.swift */,
			);
			path = BMS;
			sourceTree = "<group>";
		};
		E592F38E1EB1BF5700A672AB /* extension */ = {
			isa = PBXGroup;
			children = (
				E592F38F1EB1BF6800A672AB /* String+pregTest.swift */,
				E542956F1EB7000800AAE250 /* String+trimTest.swift */,
				71C273E91EB9D2840096A19D /* String+splitTest.swift */,
				E54295711EB70A8100AAE250 /* Array+safeTest.swift */,
			);
			path = extension;
			sourceTree = "<group>";
		};
		E592F3911EB1BFB300A672AB /* model */ = {
			isa = PBXGroup;
			children = (
				E55784B61EC19BBA0039EDD9 /* BMS */,
				71C273EB1EBAD89F0096A19D /* parser */,
			);
			path = model;
			sourceTree = "<group>";
		};
		E592F3941EB1CA5300A672AB /* data */ = {
			isa = PBXGroup;
			children = (
				E592F3951EB1CA6C00A672AB /* BMSData.swift */,
				714589751EBF52B800B7DD09 /* BMSHeaderData.swift */,
				714589771EBF52D700B7DD09 /* BMSChannelData.swift */,
				714589791EBF52FF00B7DD09 /* BMSScoreData.swift */,
				7161837C1EC0B66F00D7B374 /* BMSNoteTraitData.swift */,
			);
			path = data;
			sourceTree = "<group>";
		};
/* End PBXGroup section */

/* Begin PBXNativeTarget section */
		718C06D41D241B6E002F6E68 /* harp */ = {
			isa = PBXNativeTarget;
			buildConfigurationList = 718C06FC1D241B6E002F6E68 /* Build configuration list for PBXNativeTarget "harp" */;
			buildPhases = (
				0BF6027594042CBB4B774BCA /* [CP] Check Pods Manifest.lock */,
				711DF0521DF28ACF0059B8DB /* Run SwiftLint */,
				718C06D11D241B6E002F6E68 /* Sources */,
				718C06D21D241B6E002F6E68 /* Frameworks */,
				718C06D31D241B6E002F6E68 /* Resources */,
				D557A7AAF6C31B3F0A3DD0AF /* [CP] Embed Pods Frameworks */,
				962069121753EEA308718EB8 /* [CP] Copy Pods Resources */,
			);
			buildRules = (
			);
			dependencies = (
			);
			name = harp;
			productName = harp;
			productReference = 718C06D51D241B6E002F6E68 /* harp.app */;
			productType = "com.apple.product-type.application";
		};
		718C06E71D241B6E002F6E68 /* harpTests */ = {
			isa = PBXNativeTarget;
			buildConfigurationList = 718C06FF1D241B6E002F6E68 /* Build configuration list for PBXNativeTarget "harpTests" */;
			buildPhases = (
				FBC06542CC2B1B86CA430865 /* [CP] Check Pods Manifest.lock */,
				718C06E41D241B6E002F6E68 /* Sources */,
				718C06E51D241B6E002F6E68 /* Frameworks */,
				718C06E61D241B6E002F6E68 /* Resources */,
				4C2E87060A45D8F9813E2E12 /* [CP] Embed Pods Frameworks */,
				5DBAC56D4B8D253EF55D3852 /* [CP] Copy Pods Resources */,
			);
			buildRules = (
			);
			dependencies = (
				718C06EA1D241B6E002F6E68 /* PBXTargetDependency */,
			);
			name = harpTests;
			productName = harpTests;
			productReference = 718C06E81D241B6E002F6E68 /* harpTests.xctest */;
			productType = "com.apple.product-type.bundle.unit-test";
		};
/* End PBXNativeTarget section */

/* Begin PBXProject section */
		718C06CD1D241B6E002F6E68 /* Project object */ = {
			isa = PBXProject;
			attributes = {
				LastSwiftUpdateCheck = 0730;
				LastUpgradeCheck = 0820;
				ORGANIZATIONNAME = net.sealcreation;
				TargetAttributes = {
					718C06D41D241B6E002F6E68 = {
						CreatedOnToolsVersion = 7.3.1;
						LastSwiftMigration = 0820;
					};
					718C06E71D241B6E002F6E68 = {
						CreatedOnToolsVersion = 7.3.1;
						LastSwiftMigration = 0810;
						TestTargetID = 718C06D41D241B6E002F6E68;
					};
					71F099701DF2813C006C8B62 = {
						CreatedOnToolsVersion = 8.1;
						ProvisioningStyle = Automatic;
					};
					71FD1E391DF2D5280081E1B1 = {
						CreatedOnToolsVersion = 8.1;
						ProvisioningStyle = Automatic;
					};
				};
			};
			buildConfigurationList = 718C06D01D241B6E002F6E68 /* Build configuration list for PBXProject "harp" */;
			compatibilityVersion = "Xcode 3.2";
			developmentRegion = English;
			hasScannedForEncodings = 0;
			knownRegions = (
				Base,
			);
			mainGroup = 718C06CC1D241B6E002F6E68;
			productRefGroup = 718C06D61D241B6E002F6E68 /* Products */;
			projectDirPath = "";
			projectRoot = "";
			targets = (
				718C06D41D241B6E002F6E68 /* harp */,
				718C06E71D241B6E002F6E68 /* harpTests */,
				71F099701DF2813C006C8B62 /* Synx */,
				71FD1E391DF2D5280081E1B1 /* SwiftGen */,
			);
		};
/* End PBXProject section */

/* Begin PBXResourcesBuildPhase section */
		718C06D31D241B6E002F6E68 /* Resources */ = {
			isa = PBXResourcesBuildPhase;
			buildActionMask = 2147483647;
			files = (
				718C06DF1D241B6E002F6E68 /* Images.xcassets in Resources */,
				71FD1E3F1DF2D6800081E1B1 /* Localizable.strings in Resources */,
				718C06E21D241B6E002F6E68 /* MainMenu.xib in Resources */,
			);
			runOnlyForDeploymentPostprocessing = 0;
		};
		718C06E61D241B6E002F6E68 /* Resources */ = {
			isa = PBXResourcesBuildPhase;
			buildActionMask = 2147483647;
			files = (
			);
			runOnlyForDeploymentPostprocessing = 0;
		};
/* End PBXResourcesBuildPhase section */

/* Begin PBXShellScriptBuildPhase section */
		0BF6027594042CBB4B774BCA /* [CP] Check Pods Manifest.lock */ = {
			isa = PBXShellScriptBuildPhase;
			buildActionMask = 2147483647;
			files = (
			);
			inputPaths = (
			);
			name = "[CP] Check Pods Manifest.lock";
			outputPaths = (
			);
			runOnlyForDeploymentPostprocessing = 0;
			shellPath = /bin/sh;
			shellScript = "diff \"${PODS_PODFILE_DIR_PATH}/Podfile.lock\" \"${PODS_ROOT}/Manifest.lock\" > /dev/null\nif [ $? != 0 ] ; then\n    # print error to STDERR\n    echo \"error: The sandbox is not in sync with the Podfile.lock. Run 'pod install' or update your CocoaPods installation.\" >&2\n    exit 1\nfi\n";
			showEnvVarsInLog = 0;
		};
		4C2E87060A45D8F9813E2E12 /* [CP] Embed Pods Frameworks */ = {
			isa = PBXShellScriptBuildPhase;
			buildActionMask = 2147483647;
			files = (
			);
			inputPaths = (
			);
			name = "[CP] Embed Pods Frameworks";
			outputPaths = (
			);
			runOnlyForDeploymentPostprocessing = 0;
			shellPath = /bin/sh;
			shellScript = "\"${SRCROOT}/Pods/Target Support Files/Pods-harpTests/Pods-harpTests-frameworks.sh\"\n";
			showEnvVarsInLog = 0;
		};
		5DBAC56D4B8D253EF55D3852 /* [CP] Copy Pods Resources */ = {
			isa = PBXShellScriptBuildPhase;
			buildActionMask = 2147483647;
			files = (
			);
			inputPaths = (
			);
			name = "[CP] Copy Pods Resources";
			outputPaths = (
			);
			runOnlyForDeploymentPostprocessing = 0;
			shellPath = /bin/sh;
			shellScript = "\"${SRCROOT}/Pods/Target Support Files/Pods-harpTests/Pods-harpTests-resources.sh\"\n";
			showEnvVarsInLog = 0;
		};
		711DF0521DF28ACF0059B8DB /* Run SwiftLint */ = {
			isa = PBXShellScriptBuildPhase;
			buildActionMask = 2147483647;
			files = (
			);
			inputPaths = (
			);
			name = "Run SwiftLint";
			outputPaths = (
			);
			runOnlyForDeploymentPostprocessing = 0;
			shellPath = /bin/sh;
			shellScript = "if which swiftlint >/dev/null; then\n    swiftlint\nelse\n    echo \"warning: SwiftLint not installed.\"\nfi";
		};
		71F099741DF28159006C8B62 /* Run Synx */ = {
			isa = PBXShellScriptBuildPhase;
			buildActionMask = 2147483647;
			files = (
			);
			inputPaths = (
			);
			name = "Run Synx";
			outputPaths = (
			);
			runOnlyForDeploymentPostprocessing = 0;
			shellPath = /bin/sh;
			shellScript = "if which rbenv > /dev/null 2>&1; then\n    eval \"$(rbenv init - zsh)\"\nfi\n\nif which synx >/dev/null; then\n    synx -p --no-sort-by-name ${PROJECT_FILE_PATH}\nelse\n    echo \"warning: Synx not installed.\"\nfi";
		};
		71FD1E3D1DF2D52E0081E1B1 /* Run SwiftGen */ = {
			isa = PBXShellScriptBuildPhase;
			buildActionMask = 2147483647;
			files = (
			);
			inputPaths = (
				"$(SRCROOT)/harp/resources/Images.xcassets",
				"$(SRCROOT)/harp/resources/Localizable.strings",
			);
			name = "Run SwiftGen";
			outputPaths = (
				"$(SRCROOT)/harp/src/constants/resources/Images.swift",
				"$(SRCROOT)/harp/src/constants/resources/Strings.swift",
			);
			runOnlyForDeploymentPostprocessing = 0;
			shellPath = /bin/sh;
			shellScript = "SWIFT_GEN=\"${SRCROOT}/Pods/SwiftGen/bin/swiftgen\"\n\nif which ${SWIFT_GEN} >/dev/null; then\n    ${SWIFT_GEN} images ${SCRIPT_INPUT_FILE_0} --output ${SCRIPT_OUTPUT_FILE_0} --template swift3\n    ${SWIFT_GEN} strings ${SCRIPT_INPUT_FILE_1} --output ${SCRIPT_OUTPUT_FILE_1} --template swift3\nelse\n    echo \"warning: SwiftGen not installed.\"\nfi";
		};
		962069121753EEA308718EB8 /* [CP] Copy Pods Resources */ = {
			isa = PBXShellScriptBuildPhase;
			buildActionMask = 2147483647;
			files = (
			);
			inputPaths = (
			);
			name = "[CP] Copy Pods Resources";
			outputPaths = (
			);
			runOnlyForDeploymentPostprocessing = 0;
			shellPath = /bin/sh;
			shellScript = "\"${SRCROOT}/Pods/Target Support Files/Pods-harp/Pods-harp-resources.sh\"\n";
			showEnvVarsInLog = 0;
		};
		D557A7AAF6C31B3F0A3DD0AF /* [CP] Embed Pods Frameworks */ = {
			isa = PBXShellScriptBuildPhase;
			buildActionMask = 2147483647;
			files = (
			);
			inputPaths = (
			);
			name = "[CP] Embed Pods Frameworks";
			outputPaths = (
			);
			runOnlyForDeploymentPostprocessing = 0;
			shellPath = /bin/sh;
			shellScript = "\"${SRCROOT}/Pods/Target Support Files/Pods-harp/Pods-harp-frameworks.sh\"\n";
			showEnvVarsInLog = 0;
		};
		FBC06542CC2B1B86CA430865 /* [CP] Check Pods Manifest.lock */ = {
			isa = PBXShellScriptBuildPhase;
			buildActionMask = 2147483647;
			files = (
			);
			inputPaths = (
			);
			name = "[CP] Check Pods Manifest.lock";
			outputPaths = (
			);
			runOnlyForDeploymentPostprocessing = 0;
			shellPath = /bin/sh;
			shellScript = "diff \"${PODS_PODFILE_DIR_PATH}/Podfile.lock\" \"${PODS_ROOT}/Manifest.lock\" > /dev/null\nif [ $? != 0 ] ; then\n    # print error to STDERR\n    echo \"error: The sandbox is not in sync with the Podfile.lock. Run 'pod install' or update your CocoaPods installation.\" >&2\n    exit 1\nfi\n";
			showEnvVarsInLog = 0;
		};
/* End PBXShellScriptBuildPhase section */

/* Begin PBXSourcesBuildPhase section */
		718C06D11D241B6E002F6E68 /* Sources */ = {
			isa = PBXSourcesBuildPhase;
			buildActionMask = 2147483647;
			files = (
				E592F38D1EB1BF5100A672AB /* String+preg.swift in Sources */,
				712790341E34E47C00F0C5FE /* DebugScene.swift in Sources */,
				714589761EBF52B800B7DD09 /* BMSHeaderData.swift in Sources */,
				71E6B7911E16AD1300475846 /* SKSpriteNode.swift in Sources */,
				71E6B7931E16C76C00475846 /* HIDDeviceManager.swift in Sources */,
				7161837D1EC0B66F00D7B374 /* BMSNoteTraitData.swift in Sources */,
				71C273EF1EBADAD90096A19D /* BMSHeaderParser.swift in Sources */,
				718A5CFD1D4531F400B88A76 /* Common.swift in Sources */,
				71CC19971E1BCF0B00391CAA /* Images.swift in Sources */,
				71C273F31EBAF79D0096A19D /* Math.swift in Sources */,
				712790301E34DF7700F0C5FE /* StartModel.swift in Sources */,
				716140291E1FE54600034402 /* HIDInputData.swift in Sources */,
				71BFD6FC1EB655E100658965 /* Array+safe.swift in Sources */,
				71C273E81EB9D1490096A19D /* String+split.swift in Sources */,
				71BFD6FA1EB638DA00658965 /* String+ReadFile.swift in Sources */,
				71CC19911E1B384200391CAA /* DebugUIComponentsScene.swift in Sources */,
				71A2A1E21E1ABE41000C885A /* Clickable.swift in Sources */,
				718C06DB1D241B6E002F6E68 /* StartScene.swift in Sources */,
				712790191E33D3BE00F0C5FE /* HIDInputConverterForInGame.swift in Sources */,
				E542956E1EB6FF9700AAE250 /* String+trim.swift in Sources */,
				71A2A1E41E1ABE68000C885A /* TextButton.swift in Sources */,
				E54B71721EBB604400266777 /* BMSParser.swift in Sources */,
				E592F3961EB1CA6C00A672AB /* BMSData.swift in Sources */,
				71C273ED1EBAD8D30096A19D /* BMSControlFlowParser.swift in Sources */,
				71CC199B1E1BDF6B00391CAA /* Logger.swift in Sources */,
				71CC19871E1B134E00391CAA /* DebugInputKeysScene.swift in Sources */,
				7145897E1EBF537F00B7DD09 /* NoteType.swift in Sources */,
				E55784B51EC192D60039EDD9 /* Dictionary+mapValue.swift in Sources */,
				710655DB1DF26AC3003A1169 /* CGSize.swift in Sources */,
				7145897C1EBF532B00B7DD09 /* LaneType.swift in Sources */,
				71E6B7891E1695E600475846 /* CGPoint.swift in Sources */,
				7127902E1E34DF6C00F0C5FE /* StartView.swift in Sources */,
				7127902A1E34DDA600F0C5FE /* View.swift in Sources */,
				7166A0071E2A7D3A00D1588C /* Bridge.swift in Sources */,
				71CC19931E1B449B00391CAA /* InputEventNotifier.swift in Sources */,
				71D276721EC368DE0064D435 /* BMSBarDataFactory.swift in Sources */,
				714589801EBF53C000B7DD09 /* SideType.swift in Sources */,
				71EA2C0D1EB2182600D9C00F /* DMJudgeTextEncodingOfData.swift in Sources */,
				718A5CFB1D452B2B00B88A76 /* DebugMenuScene.swift in Sources */,
				71A2A1E61E1ABEA8000C885A /* BasicScene.swift in Sources */,
				7102178C1EBEEBC7002C73FB /* SharedSound.swift in Sources */,
				714589781EBF52D700B7DD09 /* BMSChannelData.swift in Sources */,
				E54295741EB72BFD00AAE250 /* Any.swift in Sources */,
				710217781EBCE35A002C73FB /* SoundPlayerFactory.swift in Sources */,
				71CC19851E1AF3BA00391CAA /* DebugJudgeScene.swift in Sources */,
				712790281E34DD9F00F0C5FE /* Model.swift in Sources */,
				718C06D91D241B6E002F6E68 /* AppDelegate.swift in Sources */,
				71C273E51EB7A0760096A19D /* DebugUtil.swift in Sources */,
				710217861EBDBE9F002C73FB /* SoundPlayer.swift in Sources */,
				E55784B81EC19BCD0039EDD9 /* BMSTick.swift in Sources */,
				71FD1E471DF2D9060081E1B1 /* Strings.swift in Sources */,
				7102178A1EBE037E002C73FB /* SoundSource.swift in Sources */,
				71CC198D1E1B2A0700391CAA /* Judge.swift in Sources */,
				712790251E34C18E00F0C5FE /* DIContainer.swift in Sources */,
				712790321E34DF8200F0C5FE /* StartController.swift in Sources */,
				71C273F11EBADB550096A19D /* BMSChannelDataParser.swift in Sources */,
				7145897A1EBF52FF00B7DD09 /* BMSScoreData.swift in Sources */,
				71CC19891E1B21BD00391CAA /* GameEvent.swift in Sources */,
				71E6B78F1E16ABC600475846 /* SKView.swift in Sources */,
				7127902C1E34DDB200F0C5FE /* Controller.swift in Sources */,
			);
			runOnlyForDeploymentPostprocessing = 0;
		};
		718C06E41D241B6E002F6E68 /* Sources */ = {
			isa = PBXSourcesBuildPhase;
			buildActionMask = 2147483647;
			files = (
				71C273EA1EB9D2840096A19D /* String+splitTest.swift in Sources */,
				710217951EBF3330002C73FB /* BMSHeaderParserTest.swift in Sources */,
				E54295761EB7301D00AAE250 /* AnyOperatorTest.swift in Sources */,
				E54295721EB70A8100AAE250 /* Array+safeTest.swift in Sources */,
				71E6B78C1E16970F00475846 /* CGPointOperatorTest.swift in Sources */,
				710217931EBF3330002C73FB /* BMSChannelDataParserTest.swift in Sources */,
				710217941EBF3330002C73FB /* BMSControlFlowParserTest.swift in Sources */,
				717A12281E0FC740006A4B4B /* CGSizeOperatorTest.swift in Sources */,
				E54295701EB7000800AAE250 /* String+trimTest.swift in Sources */,
				E592F3901EB1BF6800A672AB /* String+pregTest.swift in Sources */,
			);
			runOnlyForDeploymentPostprocessing = 0;
		};
/* End PBXSourcesBuildPhase section */

/* Begin PBXTargetDependency section */
		718C06EA1D241B6E002F6E68 /* PBXTargetDependency */ = {
			isa = PBXTargetDependency;
			target = 718C06D41D241B6E002F6E68 /* harp */;
			targetProxy = 718C06E91D241B6E002F6E68 /* PBXContainerItemProxy */;
		};
/* End PBXTargetDependency section */

/* Begin PBXVariantGroup section */
		718C06E01D241B6E002F6E68 /* MainMenu.xib */ = {
			isa = PBXVariantGroup;
			children = (
				718C06E11D241B6E002F6E68 /* Base */,
			);
			name = MainMenu.xib;
			path = .;
			sourceTree = "<group>";
		};
/* End PBXVariantGroup section */

/* Begin XCBuildConfiguration section */
		718C06FA1D241B6E002F6E68 /* Debug */ = {
			isa = XCBuildConfiguration;
			buildSettings = {
				ALWAYS_SEARCH_USER_PATHS = NO;
				CLANG_ANALYZER_LOCALIZABILITY_NONLOCALIZED = YES;
				CLANG_ANALYZER_NONNULL = YES;
				CLANG_CXX_LANGUAGE_STANDARD = "gnu++0x";
				CLANG_CXX_LIBRARY = "libc++";
				CLANG_ENABLE_MODULES = YES;
				CLANG_ENABLE_OBJC_ARC = YES;
				CLANG_WARN_BOOL_CONVERSION = YES;
				CLANG_WARN_CONSTANT_CONVERSION = YES;
				CLANG_WARN_DIRECT_OBJC_ISA_USAGE = YES_ERROR;
				CLANG_WARN_EMPTY_BODY = YES;
				CLANG_WARN_ENUM_CONVERSION = YES;
				CLANG_WARN_INFINITE_RECURSION = YES;
				CLANG_WARN_INT_CONVERSION = YES;
				CLANG_WARN_OBJC_ROOT_CLASS = YES_ERROR;
				CLANG_WARN_SUSPICIOUS_MOVE = YES;
				CLANG_WARN_UNREACHABLE_CODE = YES;
				CLANG_WARN__DUPLICATE_METHOD_MATCH = YES;
				CODE_SIGN_IDENTITY = "-";
				COPY_PHASE_STRIP = NO;
				DEBUG_INFORMATION_FORMAT = "dwarf-with-dsym";
				ENABLE_STRICT_OBJC_MSGSEND = YES;
				ENABLE_TESTABILITY = YES;
				GCC_C_LANGUAGE_STANDARD = gnu99;
				GCC_DYNAMIC_NO_PIC = NO;
				GCC_NO_COMMON_BLOCKS = YES;
				GCC_OPTIMIZATION_LEVEL = 0;
				GCC_PREPROCESSOR_DEFINITIONS = (
					"DEBUG=1",
					"$(inherited)",
				);
				GCC_WARN_64_TO_32_BIT_CONVERSION = YES;
				GCC_WARN_ABOUT_RETURN_TYPE = YES_ERROR;
				GCC_WARN_UNDECLARED_SELECTOR = YES;
				GCC_WARN_UNINITIALIZED_AUTOS = YES_AGGRESSIVE;
				GCC_WARN_UNUSED_FUNCTION = YES;
				GCC_WARN_UNUSED_VARIABLE = YES;
				MACOSX_DEPLOYMENT_TARGET = 10.10;
				MTL_ENABLE_DEBUG_INFO = YES;
				ONLY_ACTIVE_ARCH = YES;
				SDKROOT = macosx;
				SWIFT_OPTIMIZATION_LEVEL = "-Onone";
			};
			name = Debug;
		};
		718C06FB1D241B6E002F6E68 /* Release */ = {
			isa = XCBuildConfiguration;
			buildSettings = {
				ALWAYS_SEARCH_USER_PATHS = NO;
				CLANG_ANALYZER_LOCALIZABILITY_NONLOCALIZED = YES;
				CLANG_ANALYZER_NONNULL = YES;
				CLANG_CXX_LANGUAGE_STANDARD = "gnu++0x";
				CLANG_CXX_LIBRARY = "libc++";
				CLANG_ENABLE_MODULES = YES;
				CLANG_ENABLE_OBJC_ARC = YES;
				CLANG_WARN_BOOL_CONVERSION = YES;
				CLANG_WARN_CONSTANT_CONVERSION = YES;
				CLANG_WARN_DIRECT_OBJC_ISA_USAGE = YES_ERROR;
				CLANG_WARN_EMPTY_BODY = YES;
				CLANG_WARN_ENUM_CONVERSION = YES;
				CLANG_WARN_INFINITE_RECURSION = YES;
				CLANG_WARN_INT_CONVERSION = YES;
				CLANG_WARN_OBJC_ROOT_CLASS = YES_ERROR;
				CLANG_WARN_SUSPICIOUS_MOVE = YES;
				CLANG_WARN_UNREACHABLE_CODE = YES;
				CLANG_WARN__DUPLICATE_METHOD_MATCH = YES;
				CODE_SIGN_IDENTITY = "-";
				COPY_PHASE_STRIP = NO;
				DEBUG_INFORMATION_FORMAT = "dwarf-with-dsym";
				ENABLE_NS_ASSERTIONS = NO;
				ENABLE_STRICT_OBJC_MSGSEND = YES;
				GCC_C_LANGUAGE_STANDARD = gnu99;
				GCC_NO_COMMON_BLOCKS = YES;
				GCC_WARN_64_TO_32_BIT_CONVERSION = YES;
				GCC_WARN_ABOUT_RETURN_TYPE = YES_ERROR;
				GCC_WARN_UNDECLARED_SELECTOR = YES;
				GCC_WARN_UNINITIALIZED_AUTOS = YES_AGGRESSIVE;
				GCC_WARN_UNUSED_FUNCTION = YES;
				GCC_WARN_UNUSED_VARIABLE = YES;
				MACOSX_DEPLOYMENT_TARGET = 10.10;
				MTL_ENABLE_DEBUG_INFO = NO;
				SDKROOT = macosx;
				SWIFT_OPTIMIZATION_LEVEL = "-Owholemodule";
			};
			name = Release;
		};
		718C06FD1D241B6E002F6E68 /* Debug */ = {
			isa = XCBuildConfiguration;
			baseConfigurationReference = 81DDCDB21F14871B9B5A301B /* Pods-harp.debug.xcconfig */;
			buildSettings = {
				ASSETCATALOG_COMPILER_APPICON_NAME = AppIcon;
				CLANG_ENABLE_MODULES = YES;
				COMBINE_HIDPI_IMAGES = YES;
				DEBUG_INFORMATION_FORMAT = dwarf;
				EXCLUDED_SOURCE_FILE_NAMES = "";
				GCC_PREPROCESSOR_DEFINITIONS = "$(inherited)";
				GCC_PREPROCESSOR_DEFINITIONS_NOT_USED_IN_PRECOMPS = "";
				INFOPLIST_FILE = harp/resources/Info.plist;
				LD_RUNPATH_SEARCH_PATHS = "$(inherited) @executable_path/../Frameworks";
				LIBRARY_SEARCH_PATHS = /usr/local/lib;
				MACOSX_DEPLOYMENT_TARGET = 10.10;
				OTHER_CFLAGS = "";
				OTHER_LDFLAGS = (
					"$(inherited)",
					"-framework",
					"\"RxCocoa\"",
					"-framework",
					"\"RxSwift\"",
					"-framework",
					"\"Swinject\"",
					"-framework",
					"\"XCGLogger\"",
					"-lalure",
				);
				OTHER_SWIFT_FLAGS = "-D DEBUG";
				PRODUCT_BUNDLE_IDENTIFIER = net.sealcreation.harp;
				PRODUCT_NAME = harp;
				SWIFT_INSTALL_OBJC_HEADER = NO;
				SWIFT_OBJC_BRIDGING_HEADER = "$(SRCROOT)/$(PRODUCT)harp/src/Bridging-Header.h";
				SWIFT_OPTIMIZATION_LEVEL = "-Onone";
				SWIFT_VERSION = 3.0;
				USER_HEADER_SEARCH_PATHS = /usr/local/include;
			};
			name = Debug;
		};
		718C06FE1D241B6E002F6E68 /* Release */ = {
			isa = XCBuildConfiguration;
			baseConfigurationReference = 1BC48912B861C3D307876491 /* Pods-harp.release.xcconfig */;
			buildSettings = {
				ASSETCATALOG_COMPILER_APPICON_NAME = AppIcon;
				CLANG_ENABLE_MODULES = YES;
				COMBINE_HIDPI_IMAGES = YES;
				EXCLUDED_SOURCE_FILE_NAMES = "Debug*";
				INFOPLIST_FILE = harp/resources/Info.plist;
				LD_RUNPATH_SEARCH_PATHS = "$(inherited) @executable_path/../Frameworks";
				LIBRARY_SEARCH_PATHS = /usr/local/lib;
				MACOSX_DEPLOYMENT_TARGET = 10.10;
				OTHER_CFLAGS = "";
				OTHER_LDFLAGS = (
					"$(inherited)",
					"-framework",
					"\"RxCocoa\"",
					"-framework",
					"\"RxSwift\"",
					"-framework",
					"\"Swinject\"",
					"-framework",
					"\"XCGLogger\"",
					"-lalure",
				);
				OTHER_SWIFT_FLAGS = "";
				PRODUCT_BUNDLE_IDENTIFIER = net.sealcreation.harp;
				PRODUCT_NAME = harp;
				SWIFT_INSTALL_OBJC_HEADER = NO;
				SWIFT_OBJC_BRIDGING_HEADER = "$(SRCROOT)/$(PRODUCT)harp/src/Bridging-Header.h";
				SWIFT_VERSION = 3.0;
				USER_HEADER_SEARCH_PATHS = /usr/local/include;
			};
			name = Release;
		};
		718C07001D241B6E002F6E68 /* Debug */ = {
			isa = XCBuildConfiguration;
			baseConfigurationReference = F21D0D7C81FFDE80F912DDA1 /* Pods-harpTests.debug.xcconfig */;
			buildSettings = {
				BUNDLE_LOADER = "$(TEST_HOST)";
				COMBINE_HIDPI_IMAGES = YES;
				DEBUG_INFORMATION_FORMAT = dwarf;
				INFOPLIST_FILE = harpTest/Info.plist;
				LD_RUNPATH_SEARCH_PATHS = "$(inherited) @executable_path/../Frameworks @loader_path/../Frameworks";
				LIBRARY_SEARCH_PATHS = /usr/local/lib;
				MACOSX_DEPLOYMENT_TARGET = 10.10;
				OTHER_LDFLAGS = (
					"$(inherited)",
					"-framework",
					"\"Nimble\"",
					"-framework",
					"\"Quick\"",
					"-framework",
					"\"RxBlocking\"",
					"-framework",
					"\"RxSwift\"",
					"-framework",
					"\"RxTest\"",
					"-lalure",
				);
				PRODUCT_BUNDLE_IDENTIFIER = net.sealcreation.harpTests;
				PRODUCT_NAME = "$(TARGET_NAME)";
				SWIFT_VERSION = 3.0;
				TEST_HOST = "$(BUILT_PRODUCTS_DIR)/harp.app/Contents/MacOS/harp";
				USER_HEADER_SEARCH_PATHS = /usr/local/include;
			};
			name = Debug;
		};
		718C07011D241B6E002F6E68 /* Release */ = {
			isa = XCBuildConfiguration;
			baseConfigurationReference = 1F92FA1D5E2CCC3D4EB7FEDC /* Pods-harpTests.release.xcconfig */;
			buildSettings = {
				BUNDLE_LOADER = "$(TEST_HOST)";
				COMBINE_HIDPI_IMAGES = YES;
				INFOPLIST_FILE = harpTest/Info.plist;
				LD_RUNPATH_SEARCH_PATHS = "$(inherited) @executable_path/../Frameworks @loader_path/../Frameworks";
				LIBRARY_SEARCH_PATHS = /usr/local/lib;
				MACOSX_DEPLOYMENT_TARGET = 10.10;
				OTHER_LDFLAGS = (
					"$(inherited)",
					"-framework",
					"\"Nimble\"",
					"-framework",
					"\"Quick\"",
					"-framework",
					"\"RxBlocking\"",
					"-framework",
					"\"RxSwift\"",
					"-framework",
					"\"RxTest\"",
					"-lalure",
				);
				PRODUCT_BUNDLE_IDENTIFIER = net.sealcreation.harpTests;
				PRODUCT_NAME = "$(TARGET_NAME)";
				SWIFT_VERSION = 3.0;
				TEST_HOST = "$(BUILT_PRODUCTS_DIR)/harp.app/Contents/MacOS/harp";
				USER_HEADER_SEARCH_PATHS = /usr/local/include;
			};
			name = Release;
		};
		71F099721DF2813C006C8B62 /* Debug */ = {
			isa = XCBuildConfiguration;
			buildSettings = {
				PRODUCT_NAME = "$(TARGET_NAME)";
			};
			name = Debug;
		};
		71F099731DF2813C006C8B62 /* Release */ = {
			isa = XCBuildConfiguration;
			buildSettings = {
				PRODUCT_NAME = "$(TARGET_NAME)";
			};
			name = Release;
		};
		71FD1E3B1DF2D5280081E1B1 /* Debug */ = {
			isa = XCBuildConfiguration;
			buildSettings = {
				PRODUCT_NAME = "$(TARGET_NAME)";
			};
			name = Debug;
		};
		71FD1E3C1DF2D5280081E1B1 /* Release */ = {
			isa = XCBuildConfiguration;
			buildSettings = {
				PRODUCT_NAME = "$(TARGET_NAME)";
			};
			name = Release;
		};
/* End XCBuildConfiguration section */

/* Begin XCConfigurationList section */
		718C06D01D241B6E002F6E68 /* Build configuration list for PBXProject "harp" */ = {
			isa = XCConfigurationList;
			buildConfigurations = (
				718C06FA1D241B6E002F6E68 /* Debug */,
				718C06FB1D241B6E002F6E68 /* Release */,
			);
			defaultConfigurationIsVisible = 0;
			defaultConfigurationName = Release;
		};
		718C06FC1D241B6E002F6E68 /* Build configuration list for PBXNativeTarget "harp" */ = {
			isa = XCConfigurationList;
			buildConfigurations = (
				718C06FD1D241B6E002F6E68 /* Debug */,
				718C06FE1D241B6E002F6E68 /* Release */,
			);
			defaultConfigurationIsVisible = 0;
			defaultConfigurationName = Release;
		};
		718C06FF1D241B6E002F6E68 /* Build configuration list for PBXNativeTarget "harpTests" */ = {
			isa = XCConfigurationList;
			buildConfigurations = (
				718C07001D241B6E002F6E68 /* Debug */,
				718C07011D241B6E002F6E68 /* Release */,
			);
			defaultConfigurationIsVisible = 0;
			defaultConfigurationName = Release;
		};
		71F099711DF2813C006C8B62 /* Build configuration list for PBXAggregateTarget "Synx" */ = {
			isa = XCConfigurationList;
			buildConfigurations = (
				71F099721DF2813C006C8B62 /* Debug */,
				71F099731DF2813C006C8B62 /* Release */,
			);
			defaultConfigurationIsVisible = 0;
			defaultConfigurationName = Release;
		};
		71FD1E3A1DF2D5280081E1B1 /* Build configuration list for PBXAggregateTarget "SwiftGen" */ = {
			isa = XCConfigurationList;
			buildConfigurations = (
				71FD1E3B1DF2D5280081E1B1 /* Debug */,
				71FD1E3C1DF2D5280081E1B1 /* Release */,
			);
			defaultConfigurationIsVisible = 0;
			defaultConfigurationName = Release;
		};
/* End XCConfigurationList section */
	};
	rootObject = 718C06CD1D241B6E002F6E68 /* Project object */;
}
